
Microsoft Visual Studio Solution File, Format Version 12.00
# Visual Studio Version 16
VisualStudioVersion = 25.0.1703.6
MinimumVisualStudioVersion = 10.0.40219.1
Project("{FAE04EC0-301F-11D3-BF4B-00C04F79EFBC}") = "Stokker.WebApi", "Stokker\Stokker.WebApi.csproj", "{75A5E78B-849C-4829-A6F1-F6EEFA271F95}"
EndProject
Project("{FAE04EC0-301F-11D3-BF4B-00C04F79EFBC}") = "Stokker.Infrastructure", "Stokker.Infrastructure\Stokker.Infrastructure.csproj", "{FA8A5378-C8A8-405F-89DB-B24A483C1428}"
EndProject
Project("{2150E333-8FDC-42A3-9474-1A3956D46DE8}") = "lol", "lol", "{D5435F0C-9689-4D51-9FE5-4CDA65D16DB0}"
EndProject
Project("{FAE04EC0-301F-11D3-BF4B-00C04F79EFBC}") = "Stokker.Domain", "Stokker.Domain\Stokker.Domain.csproj", "{A7383EB9-34F0-4EAE-A758-CDBC844D2CD7}"
EndProject
Global
	GlobalSection(SolutionConfigurationPlatforms) = preSolution
		Debug|Any CPU = Debug|Any CPU
		Release|Any CPU = Release|Any CPU
	EndGlobalSection
	GlobalSection(ProjectConfigurationPlatforms) = postSolution
		{75A5E78B-849C-4829-A6F1-F6EEFA271F95}.Debug|Any CPU.ActiveCfg = Debug|Any CPU
		{75A5E78B-849C-4829-A6F1-F6EEFA271F95}.Debug|Any CPU.Build.0 = Debug|Any CPU
		{75A5E78B-849C-4829-A6F1-F6EEFA271F95}.Release|Any CPU.ActiveCfg = Release|Any CPU
		{75A5E78B-849C-4829-A6F1-F6EEFA271F95}.Release|Any CPU.Build.0 = Release|Any CPU
		{FA8A5378-C8A8-405F-89DB-B24A483C1428}.Debug|Any CPU.ActiveCfg = Debug|Any CPU
		{FA8A5378-C8A8-405F-89DB-B24A483C1428}.Debug|Any CPU.Build.0 = Debug|Any CPU
		{FA8A5378-C8A8-405F-89DB-B24A483C1428}.Release|Any CPU.ActiveCfg = Release|Any CPU
		{FA8A5378-C8A8-405F-89DB-B24A483C1428}.Release|Any CPU.Build.0 = Release|Any CPU
		{A7383EB9-34F0-4EAE-A758-CDBC844D2CD7}.Debug|Any CPU.ActiveCfg = Debug|Any CPU
		{A7383EB9-34F0-4EAE-A758-CDBC844D2CD7}.Debug|Any CPU.Build.0 = Debug|Any CPU
		{A7383EB9-34F0-4EAE-A758-CDBC844D2CD7}.Release|Any CPU.ActiveCfg = Release|Any CPU
		{A7383EB9-34F0-4EAE-A758-CDBC844D2CD7}.Release|Any CPU.Build.0 = Release|Any CPU
	EndGlobalSection
	GlobalSection(SolutionProperties) = preSolution
		HideSolutionNode = FALSE
	EndGlobalSection
	GlobalSection(ExtensibilityGlobals) = postSolution
		SolutionGuid = {56AA67B0-4E02-42CE-97AC-1AF31E3BAB37}
	EndGlobalSection
EndGlobal
